[[package]]
name = "fitsio"
version = "0.12.1"
source = "registry+https://github.com/rust-lang/crates.io-index"
dependencies = [
 "fitsio-sys 0.3.0 (registry+https://github.com/rust-lang/crates.io-index)",
 "libc 0.2.37 (registry+https://github.com/rust-lang/crates.io-index)",
]

[[package]]
name = "fitsio-sys"
version = "0.3.0"
source = "registry+https://github.com/rust-lang/crates.io-index"
dependencies = [
 "libc 0.2.37 (registry+https://github.com/rust-lang/crates.io-index)",
 "pkg-config 0.3.9 (registry+https://github.com/rust-lang/crates.io-index)",
]

[[package]]
name = "libc"
version = "0.2.37"
source = "registry+https://github.com/rust-lang/crates.io-index"

[[package]]
name = "pkg-config"
version = "0.3.9"
source = "registry+https://github.com/rust-lang/crates.io-index"

[[package]]
name = "test_fio"
version = "0.1.0"
dependencies = [
 "fitsio 0.12.1 (registry+https://github.com/rust-lang/crates.io-index)",
]

[metadata]
"checksum fitsio 0.12.1 (registry+https://github.com/rust-lang/crates.io-index)" = "e5413bd090000d39df3597a2685592336163ee9db495b97488b6b9dd7166f8f7"
"checksum fitsio-sys 0.3.0 (registry+https://github.com/rust-lang/crates.io-index)" = "f64cb7f1723c2ee9382572b10c2f93556590787e371342342fda7b12f81b24d5"
"checksum libc 0.2.37 (registry+https://github.com/rust-lang/crates.io-index)" = "56aebce561378d99a0bb578f8cb15b6114d2a1814a6c7949bbe646d968bb4fa9"
"checksum pkg-config 0.3.9 (registry+https://github.com/rust-lang/crates.io-index)" = "3a8b4c6b8165cd1a1cd4b9b120978131389f64bdaf456435caa41e630edba903"
